// !$*UTF8*$!
{
	archiveVersion = 1;
	classes = {
	};
	objectVersion = 77;
	objects = {

/* Begin PBXContainerItemProxy section */
		BE3989332D02956A00522DD5 /* PBXContainerItemProxy */ = {
			isa = PBXContainerItemProxy;
			containerPortal = BE3989112D02956600522DD5 /* Project object */;
			proxyType = 1;
			remoteGlobalIDString = BE3989182D02956600522DD5;
			remoteInfo = SpotifyExampleProject;
		};
		BE39893D2D02956A00522DD5 /* PBXContainerItemProxy */ = {
			isa = PBXContainerItemProxy;
			containerPortal = BE3989112D02956600522DD5 /* Project object */;
			proxyType = 1;
			remoteGlobalIDString = BE3989182D02956600522DD5;
			remoteInfo = SpotifyExampleProject;
		};
/* End PBXContainerItemProxy section */

/* Begin PBXFileReference section */
		BE3989192D02956600522DD5 /* SpotifyExampleProject.app */ = {isa = PBXFileReference; explicitFileType = wrapper.application; includeInIndex = 0; path = SpotifyExampleProject.app; sourceTree = BUILT_PRODUCTS_DIR; };
		BE3989322D02956A00522DD5 /* SpotifyExampleProjectTests.xctest */ = {isa = PBXFileReference; explicitFileType = wrapper.cfbundle; includeInIndex = 0; path = SpotifyExampleProjectTests.xctest; sourceTree = BUILT_PRODUCTS_DIR; };
		BE39893C2D02956A00522DD5 /* SpotifyExampleProjectUITests.xctest */ = {isa = PBXFileReference; explicitFileType = wrapper.cfbundle; includeInIndex = 0; path = SpotifyExampleProjectUITests.xctest; sourceTree = BUILT_PRODUCTS_DIR; };
/* End PBXFileReference section */

/* Begin PBXFileSystemSynchronizedBuildFileExceptionSet section */
		BE3989442D02956A00522DD5 /* Exceptions for "SpotifyExampleProject" folder in "SpotifyExampleProject" target */ = {
			isa = PBXFileSystemSynchronizedBuildFileExceptionSet;
			membershipExceptions = (
				Info.plist,
			);
			target = BE3989182D02956600522DD5 /* SpotifyExampleProject */;
		};
/* End PBXFileSystemSynchronizedBuildFileExceptionSet section */

/* Begin PBXFileSystemSynchronizedRootGroup section */
		BE39891B2D02956600522DD5 /* SpotifyExampleProject */ = {
			isa = PBXFileSystemSynchronizedRootGroup;
			exceptions = (
				BE3989442D02956A00522DD5 /* Exceptions for "SpotifyExampleProject" folder in "SpotifyExampleProject" target */,
			);
			path = SpotifyExampleProject;
			sourceTree = "<group>";
		};
		BE3989352D02956A00522DD5 /* SpotifyExampleProjectTests */ = {
			isa = PBXFileSystemSynchronizedRootGroup;
			path = SpotifyExampleProjectTests;
			sourceTree = "<group>";
		};
		BE39893F2D02956A00522DD5 /* SpotifyExampleProjectUITests */ = {
			isa = PBXFileSystemSynchronizedRootGroup;
			path = SpotifyExampleProjectUITests;
			sourceTree = "<group>";
		};
/* End PBXFileSystemSynchronizedRootGroup section */

/* Begin PBXFrameworksBuildPhase section */
		BE3989162D02956600522DD5 /* Frameworks */ = {
			isa = PBXFrameworksBuildPhase;
			buildActionMask = 2147483647;
			files = (
			);
			runOnlyForDeploymentPostprocessing = 0;
		};
		BE39892F2D02956A00522DD5 /* Frameworks */ = {
			isa = PBXFrameworksBuildPhase;
			buildActionMask = 2147483647;
			files = (
			);
			runOnlyForDeploymentPostprocessing = 0;
		};
		BE3989392D02956A00522DD5 /* Frameworks */ = {
			isa = PBXFrameworksBuildPhase;
			buildActionMask = 2147483647;
			files = (
			);
			runOnlyForDeploymentPostprocessing = 0;
		};
/* End PBXFrameworksBuildPhase section */

/* Begin PBXGroup section */
		BE3989102D02956600522DD5 = {
			isa = PBXGroup;
			children = (
				BE39891B2D02956600522DD5 /* SpotifyExampleProject */,
				BE3989352D02956A00522DD5 /* SpotifyExampleProjectTests */,
				BE39893F2D02956A00522DD5 /* SpotifyExampleProjectUITests */,
				BE39891A2D02956600522DD5 /* Products */,
			);
			sourceTree = "<group>";
		};
		BE39891A2D02956600522DD5 /* Products */ = {
			isa = PBXGroup;
			children = (
				BE3989192D02956600522DD5 /* SpotifyExampleProject.app */,
				BE3989322D02956A00522DD5 /* SpotifyExampleProjectTests.xctest */,
				BE39893C2D02956A00522DD5 /* SpotifyExampleProjectUITests.xctest */,
			);
			name = Products;
			sourceTree = "<group>";
		};
/* End PBXGroup section */

/* Begin PBXNativeTarget section */
		BE3989182D02956600522DD5 /* SpotifyExampleProject */ = {
			isa = PBXNativeTarget;
			buildConfigurationList = BE3989452D02956A00522DD5 /* Build configuration list for PBXNativeTarget "SpotifyExampleProject" */;
			buildPhases = (
				BE3989152D02956600522DD5 /* Sources */,
				BE3989162D02956600522DD5 /* Frameworks */,
				BE3989172D02956600522DD5 /* Resources */,
			);
			buildRules = (
			);
			dependencies = (
			);
			fileSystemSynchronizedGroups = (
				BE39891B2D02956600522DD5 /* SpotifyExampleProject */,
			);
			name = SpotifyExampleProject;
			packageProductDependencies = (
			);
			productName = SpotifyExampleProject;
			productReference = BE3989192D02956600522DD5 /* SpotifyExampleProject.app */;
			productType = "com.apple.product-type.application";
		};
		BE3989312D02956A00522DD5 /* SpotifyExampleProjectTests */ = {
			isa = PBXNativeTarget;
			buildConfigurationList = BE39894A2D02956A00522DD5 /* Build configuration list for PBXNativeTarget "SpotifyExampleProjectTests" */;
			buildPhases = (
				BE39892E2D02956A00522DD5 /* Sources */,
				BE39892F2D02956A00522DD5 /* Frameworks */,
				BE3989302D02956A00522DD5 /* Resources */,
			);
			buildRules = (
			);
			dependencies = (
				BE3989342D02956A00522DD5 /* PBXTargetDependency */,
			);
			fileSystemSynchronizedGroups = (
				BE3989352D02956A00522DD5 /* SpotifyExampleProjectTests */,
			);
			name = SpotifyExampleProjectTests;
			packageProductDependencies = (
			);
			productName = SpotifyExampleProjectTests;
			productReference = BE3989322D02956A00522DD5 /* SpotifyExampleProjectTests.xctest */;
			productType = "com.apple.product-type.bundle.unit-test";
		};
		BE39893B2D02956A00522DD5 /* SpotifyExampleProjectUITests */ = {
			isa = PBXNativeTarget;
			buildConfigurationList = BE39894D2D02956A00522DD5 /* Build configuration list for PBXNativeTarget "SpotifyExampleProjectUITests" */;
			buildPhases = (
				BE3989382D02956A00522DD5 /* Sources */,
				BE3989392D02956A00522DD5 /* Frameworks */,
				BE39893A2D02956A00522DD5 /* Resources */,
			);
			buildRules = (
			);
			dependencies = (
				BE39893E2D02956A00522DD5 /* PBXTargetDependency */,
			);
			fileSystemSynchronizedGroups = (
				BE39893F2D02956A00522DD5 /* SpotifyExampleProjectUITests */,
			);
			name = SpotifyExampleProjectUITests;
			packageProductDependencies = (
			);
			productName = SpotifyExampleProjectUITests;
			productReference = BE39893C2D02956A00522DD5 /* SpotifyExampleProjectUITests.xctest */;
			productType = "com.apple.product-type.bundle.ui-testing";
		};
/* End PBXNativeTarget section */

/* Begin PBXProject section */
		BE3989112D02956600522DD5 /* Project object */ = {
			isa = PBXProject;
			attributes = {
				BuildIndependentTargetsInParallel = 1;
				LastSwiftUpdateCheck = 1600;
				LastUpgradeCheck = 1600;
				TargetAttributes = {
					BE3989182D02956600522DD5 = {
						CreatedOnToolsVersion = 16.0;
					};
					BE3989312D02956A00522DD5 = {
						CreatedOnToolsVersion = 16.0;
						TestTargetID = BE3989182D02956600522DD5;
					};
					BE39893B2D02956A00522DD5 = {
						CreatedOnToolsVersion = 16.0;
						TestTargetID = BE3989182D02956600522DD5;
					};
				};
			};
			buildConfigurationList = BE3989142D02956600522DD5 /* Build configuration list for PBXProject "SpotifyExampleProject" */;
			developmentRegion = en;
			hasScannedForEncodings = 0;
			knownRegions = (
				en,
				Base,
			);
			mainGroup = BE3989102D02956600522DD5;
			minimizedProjectReferenceProxies = 1;
			preferredProjectObjectVersion = 77;
			productRefGroup = BE39891A2D02956600522DD5 /* Products */;
			projectDirPath = "";
			projectRoot = "";
			targets = (
				BE3989182D02956600522DD5 /* SpotifyExampleProject */,
				BE3989312D02956A00522DD5 /* SpotifyExampleProjectTests */,
				BE39893B2D02956A00522DD5 /* SpotifyExampleProjectUITests */,
			);
		};
/* End PBXProject section */

/* Begin PBXResourcesBuildPhase section */
		BE3989172D02956600522DD5 /* Resources */ = {
			isa = PBXResourcesBuildPhase;
			buildActionMask = 2147483647;
			files = (
			);
			runOnlyForDeploymentPostprocessing = 0;
		};
		BE3989302D02956A00522DD5 /* Resources */ = {
			isa = PBXResourcesBuildPhase;
			buildActionMask = 2147483647;
			files = (
			);
			runOnlyForDeploymentPostprocessing = 0;
		};
		BE39893A2D02956A00522DD5 /* Resources */ = {
			isa = PBXResourcesBuildPhase;
			buildActionMask = 2147483647;
			files = (
			);
			runOnlyForDeploymentPostprocessing = 0;
		};
/* End PBXResourcesBuildPhase section */

/* Begin PBXSourcesBuildPhase section */
		BE3989152D02956600522DD5 /* Sources */ = {
			isa = PBXSourcesBuildPhase;
			buildActionMask = 2147483647;
			files = (
			);
			runOnlyForDeploymentPostprocessing = 0;
		};
		BE39892E2D02956A00522DD5 /* Sources */ = {
			isa = PBXSourcesBuildPhase;
			buildActionMask = 2147483647;
			files = (
			);
			runOnlyForDeploymentPostprocessing = 0;
		};
		BE3989382D02956A00522DD5 /* Sources */ = {
			isa = PBXSourcesBuildPhase;
			buildActionMask = 2147483647;
			files = (
			);
			runOnlyForDeploymentPostprocessing = 0;
		};
/* End PBXSourcesBuildPhase section */

/* Begin PBXTargetDependency section */
		BE3989342D02956A00522DD5 /* PBXTargetDependency */ = {
			isa = PBXTargetDependency;
			target = BE3989182D02956600522DD5 /* SpotifyExampleProject */;
			targetProxy = BE3989332D02956A00522DD5 /* PBXContainerItemProxy */;
		};
		BE39893E2D02956A00522DD5 /* PBXTargetDependency */ = {
			isa = PBXTargetDependency;
			target = BE3989182D02956600522DD5 /* SpotifyExampleProject */;
			targetProxy = BE39893D2D02956A00522DD5 /* PBXContainerItemProxy */;
		};
/* End PBXTargetDependency section */

/* Begin XCBuildConfiguration section */
		BE3989462D02956A00522DD5 /* Debug */ = {
			isa = XCBuildConfiguration;
			buildSettings = {
				ASSETCATALOG_COMPILER_APPICON_NAME = AppIcon;
				ASSETCATALOG_COMPILER_GLOBAL_ACCENT_COLOR_NAME = AccentColor;
				CODE_SIGN_IDENTITY = "Apple Development";
				CODE_SIGN_STYLE = Automatic;
				CURRENT_PROJECT_VERSION = 1;
				DEVELOPMENT_TEAM = J96GDPKGH8;
				GENERATE_INFOPLIST_FILE = YES;
				INFOPLIST_FILE = SpotifyExampleProject/Info.plist;
				INFOPLIST_KEY_LSApplicationCategoryType = "public.app-category.music";
				INFOPLIST_KEY_UIApplicationSupportsIndirectInputEvents = YES;
				INFOPLIST_KEY_UILaunchStoryboardName = LaunchScreen;
				INFOPLIST_KEY_UISupportedInterfaceOrientations = UIInterfaceOrientationPortrait;
				LD_RUNPATH_SEARCH_PATHS = (
					"$(inherited)",
					"@executable_path/Frameworks",
				);
				MARKETING_VERSION = 1.0;
				PRODUCT_BUNDLE_IDENTIFIER = com.msinggih.SpotifyExampleProject;
				PRODUCT_NAME = "$(TARGET_NAME)";
				PROVISIONING_PROFILE_SPECIFIER = "";
				SWIFT_EMIT_LOC_STRINGS = YES;
				SWIFT_VERSION = 5.0;
				TARGETED_DEVICE_FAMILY = "1,2";
			};
			name = Debug;
		};
		BE3989472D02956A00522DD5 /* Release */ = {
			isa = XCBuildConfiguration;
			buildSettings = {
				ASSETCATALOG_COMPILER_APPICON_NAME = AppIcon;
				ASSETCATALOG_COMPILER_GLOBAL_ACCENT_COLOR_NAME = AccentColor;
				CODE_SIGN_IDENTITY = "Apple Development";
				CODE_SIGN_STYLE = Automatic;
				CURRENT_PROJECT_VERSION = 1;
				DEVELOPMENT_TEAM = J96GDPKGH8;
				GENERATE_INFOPLIST_FILE = YES;
				INFOPLIST_FILE = SpotifyExampleProject/Info.plist;
				INFOPLIST_KEY_LSApplicationCategoryType = "public.app-category.music";
				INFOPLIST_KEY_UIApplicationSupportsIndirectInputEvents = YES;
				INFOPLIST_KEY_UILaunchStoryboardName = LaunchScreen;
				INFOPLIST_KEY_UISupportedInterfaceOrientations = UIInterfaceOrientationPortrait;
				LD_RUNPATH_SEARCH_PATHS = (
					"$(inherited)",
					"@executable_path/Frameworks",
				);
				MARKETING_VERSION = 1.0;
				PRODUCT_BUNDLE_IDENTIFIER = com.msinggih.SpotifyExampleProject;
				PRODUCT_NAME = "$(TARGET_NAME)";
				PROVISIONING_PROFILE_SPECIFIER = "";
				SWIFT_EMIT_LOC_STRINGS = YES;
				SWIFT_VERSION = 5.0;
				TARGETED_DEVICE_FAMILY = "1,2";
			};
			name = Release;
		};
		BE3989482D02956A00522DD5 /* Debug */ = {
			isa = XCBuildConfiguration;
			buildSettings = {
				ALWAYS_SEARCH_USER_PATHS = NO;
				ASSETCATALOG_COMPILER_GENERATE_SWIFT_ASSET_SYMBOL_EXTENSIONS = YES;
				CLANG_ANALYZER_NONNULL = YES;
				CLANG_ANALYZER_NUMBER_OBJECT_CONVERSION = YES_AGGRESSIVE;
				CLANG_CXX_LANGUAGE_STANDARD = "gnu++20";
				CLANG_ENABLE_MODULES = YES;
				CLANG_ENABLE_OBJC_ARC = YES;
				CLANG_ENABLE_OBJC_WEAK = YES;
				CLANG_WARN_BLOCK_CAPTURE_AUTORELEASING = YES;
				CLANG_WARN_BOOL_CONVERSION = YES;
				CLANG_WARN_COMMA = YES;
				CLANG_WARN_CONSTANT_CONVERSION = YES;
				CLANG_WARN_DEPRECATED_OBJC_IMPLEMENTATIONS = YES;
				CLANG_WARN_DIRECT_OBJC_ISA_USAGE = YES_ERROR;
				CLANG_WARN_DOCUMENTATION_COMMENTS = YES;
				CLANG_WARN_EMPTY_BODY = YES;
				CLANG_WARN_ENUM_CONVERSION = YES;
				CLANG_WARN_INFINITE_RECURSION = YES;
				CLANG_WARN_INT_CONVERSION = YES;
				CLANG_WARN_NON_LITERAL_NULL_CONVERSION = YES;
				CLANG_WARN_OBJC_IMPLICIT_RETAIN_SELF = YES;
				CLANG_WARN_OBJC_LITERAL_CONVERSION = YES;
				CLANG_WARN_OBJC_ROOT_CLASS = YES_ERROR;
				CLANG_WARN_QUOTED_INCLUDE_IN_FRAMEWORK_HEADER = YES;
				CLANG_WARN_RANGE_LOOP_ANALYSIS = YES;
				CLANG_WARN_STRICT_PROTOTYPES = YES;
				CLANG_WARN_SUSPICIOUS_MOVE = YES;
				CLANG_WARN_UNGUARDED_AVAILABILITY = YES_AGGRESSIVE;
				CLANG_WARN_UNREACHABLE_CODE = YES;
				CLANG_WARN__DUPLICATE_METHOD_MATCH = YES;
				COPY_PHASE_STRIP = NO;
				DEBUG_INFORMATION_FORMAT = dwarf;
				ENABLE_STRICT_OBJC_MSGSEND = YES;
				ENABLE_TESTABILITY = YES;
				ENABLE_USER_SCRIPT_SANDBOXING = YES;
				GCC_C_LANGUAGE_STANDARD = gnu17;
				GCC_DYNAMIC_NO_PIC = NO;
				GCC_NO_COMMON_BLOCKS = YES;
				GCC_OPTIMIZATION_LEVEL = 0;
				GCC_PREPROCESSOR_DEFINITIONS = (
					"DEBUG=1",
					"$(inherited)",
				);
				GCC_WARN_64_TO_32_BIT_CONVERSION = YES;
				GCC_WARN_ABOUT_RETURN_TYPE = YES_ERROR;
				GCC_WARN_UNDECLARED_SELECTOR = YES;
				GCC_WARN_UNINITIALIZED_AUTOS = YES_AGGRESSIVE;
				GCC_WARN_UNUSED_FUNCTION = YES;
				GCC_WARN_UNUSED_VARIABLE = YES;
				IPHONEOS_DEPLOYMENT_TARGET = 18.0;
				LOCALIZATION_PREFERS_STRING_CATALOGS = YES;
				MTL_ENABLE_DEBUG_INFO = INCLUDE_SOURCE;
				MTL_FAST_MATH = YES;
				ONLY_ACTIVE_ARCH = YES;
				SDKROOT = iphoneos;
				SWIFT_ACTIVE_COMPILATION_CONDITIONS = "DEBUG $(inherited)";
				SWIFT_OPTIMIZATION_LEVEL = "-Onone";
			};
			name = Debug;
		};
		BE3989492D02956A00522DD5 /* Release */ = {
			isa = XCBuildConfiguration;
			buildSettings = {
				ALWAYS_SEARCH_USER_PATHS = NO;
				ASSETCATALOG_COMPILER_GENERATE_SWIFT_ASSET_SYMBOL_EXTENSIONS = YES;
				CLANG_ANALYZER_NONNULL = YES;
				CLANG_ANALYZER_NUMBER_OBJECT_CONVERSION = YES_AGGRESSIVE;
				CLANG_CXX_LANGUAGE_STANDARD = "gnu++20";
				CLANG_ENABLE_MODULES = YES;
				CLANG_ENABLE_OBJC_ARC = YES;
				CLANG_ENABLE_OBJC_WEAK = YES;
				CLANG_WARN_BLOCK_CAPTURE_AUTORELEASING = YES;
				CLANG_WARN_BOOL_CONVERSION = YES;
				CLANG_WARN_COMMA = YES;
				CLANG_WARN_CONSTANT_CONVERSION = YES;
				CLANG_WARN_DEPRECATED_OBJC_IMPLEMENTATIONS = YES;
				CLANG_WARN_DIRECT_OBJC_ISA_USAGE = YES_ERROR;
				CLANG_WARN_DOCUMENTATION_COMMENTS = YES;
				CLANG_WARN_EMPTY_BODY = YES;
				CLANG_WARN_ENUM_CONVERSION = YES;
				CLANG_WARN_INFINITE_RECURSION = YES;
				CLANG_WARN_INT_CONVERSION = YES;
				CLANG_WARN_NON_LITERAL_NULL_CONVERSION = YES;
				CLANG_WARN_OBJC_IMPLICIT_RETAIN_SELF = YES;
				CLANG_WARN_OBJC_LITERAL_CONVERSION = YES;
				CLANG_WARN_OBJC_ROOT_CLASS = YES_ERROR;
				CLANG_WARN_QUOTED_INCLUDE_IN_FRAMEWORK_HEADER = YES;
				CLANG_WARN_RANGE_LOOP_ANALYSIS = YES;
				CLANG_WARN_STRICT_PROTOTYPES = YES;
				CLANG_WARN_SUSPICIOUS_MOVE = YES;
				CLANG_WARN_UNGUARDED_AVAILABILITY = YES_AGGRESSIVE;
				CLANG_WARN_UNREACHABLE_CODE = YES;
				CLANG_WARN__DUPLICATE_METHOD_MATCH = YES;
				COPY_PHASE_STRIP = NO;
				DEBUG_INFORMATION_FORMAT = "dwarf-with-dsym";
				ENABLE_NS_ASSERTIONS = NO;
				ENABLE_STRICT_OBJC_MSGSEND = YES;
				ENABLE_USER_SCRIPT_SANDBOXING = YES;
				GCC_C_LANGUAGE_STANDARD = gnu17;
				GCC_NO_COMMON_BLOCKS = YES;
				GCC_WARN_64_TO_32_BIT_CONVERSION = YES;
				GCC_WARN_ABOUT_RETURN_TYPE = YES_ERROR;
				GCC_WARN_UNDECLARED_SELECTOR = YES;
				GCC_WARN_UNINITIALIZED_AUTOS = YES_AGGRESSIVE;
				GCC_WARN_UNUSED_FUNCTION = YES;
				GCC_WARN_UNUSED_VARIABLE = YES;
				IPHONEOS_DEPLOYMENT_TARGET = 18.0;
				LOCALIZATION_PREFERS_STRING_CATALOGS = YES;
				MTL_ENABLE_DEBUG_INFO = NO;
				MTL_FAST_MATH = YES;
				SDKROOT = iphoneos;
				SWIFT_COMPILATION_MODE = wholemodule;
				VALIDATE_PRODUCT = YES;
			};
			name = Release;
		};
		BE39894B2D02956A00522DD5 /* Debug */ = {
			isa = XCBuildConfiguration;
			buildSettings = {
				BUNDLE_LOADER = "$(TEST_HOST)";
				CODE_SIGN_STYLE = Automatic;
				CURRENT_PROJECT_VERSION = 1;
				DEVELOPMENT_TEAM = J96GDPKGH8;
				GENERATE_INFOPLIST_FILE = YES;
				IPHONEOS_DEPLOYMENT_TARGET = 18.0;
				MARKETING_VERSION = 1.0;
				PRODUCT_BUNDLE_IDENTIFIER = com.msinggih.SpotifyExampleProjectTests;
				PRODUCT_NAME = "$(TARGET_NAME)";
				SWIFT_EMIT_LOC_STRINGS = NO;
				SWIFT_VERSION = 5.0;
				TARGETED_DEVICE_FAMILY = "1,2";
				TEST_HOST = "$(BUILT_PRODUCTS_DIR)/SpotifyExampleProject.app/$(BUNDLE_EXECUTABLE_FOLDER_PATH)/SpotifyExampleProject";
			};
			name = Debug;
		};
		BE39894C2D02956A00522DD5 /* Release */ = {
			isa = XCBuildConfiguration;
			buildSettings = {
				BUNDLE_LOADER = "$(TEST_HOST)";
				CODE_SIGN_STYLE = Automatic;
				CURRENT_PROJECT_VERSION = 1;
				DEVELOPMENT_TEAM = J96GDPKGH8;
				GENERATE_INFOPLIST_FILE = YES;
				IPHONEOS_DEPLOYMENT_TARGET = 18.0;
				MARKETING_VERSION = 1.0;
				PRODUCT_BUNDLE_IDENTIFIER = com.msinggih.SpotifyExampleProjectTests;
				PRODUCT_NAME = "$(TARGET_NAME)";
				SWIFT_EMIT_LOC_STRINGS = NO;
				SWIFT_VERSION = 5.0;
				TARGETED_DEVICE_FAMILY = "1,2";
				TEST_HOST = "$(BUILT_PRODUCTS_DIR)/SpotifyExampleProject.app/$(BUNDLE_EXECUTABLE_FOLDER_PATH)/SpotifyExampleProject";
			};
			name = Release;
		};
		BE39894E2D02956A00522DD5 /* Debug */ = {
			isa = XCBuildConfiguration;
			buildSettings = {
				CODE_SIGN_STYLE = Automatic;
				CURRENT_PROJECT_VERSION = 1;
				DEVELOPMENT_TEAM = J96GDPKGH8;
				GENERATE_INFOPLIST_FILE = YES;
				MARKETING_VERSION = 1.0;
				PRODUCT_BUNDLE_IDENTIFIER = com.msinggih.SpotifyExampleProjectUITests;
				PRODUCT_NAME = "$(TARGET_NAME)";
				SWIFT_EMIT_LOC_STRINGS = NO;
				SWIFT_VERSION = 5.0;
				TARGETED_DEVICE_FAMILY = "1,2";
				TEST_TARGET_NAME = SpotifyExampleProject;
			};
			name = Debug;
		};
		BE39894F2D02956A00522DD5 /* Release */ = {
			isa = XCBuildConfiguration;
			buildSettings = {
				CODE_SIGN_STYLE = Automatic;
				CURRENT_PROJECT_VERSION = 1;
				DEVELOPMENT_TEAM = J96GDPKGH8;
				GENERATE_INFOPLIST_FILE = YES;
				MARKETING_VERSION = 1.0;
				PRODUCT_BUNDLE_IDENTIFIER = com.msinggih.SpotifyExampleProjectUITests;
				PRODUCT_NAME = "$(TARGET_NAME)";
				SWIFT_EMIT_LOC_STRINGS = NO;
				SWIFT_VERSION = 5.0;
				TARGETED_DEVICE_FAMILY = "1,2";
				TEST_TARGET_NAME = SpotifyExampleProject;
			};
			name = Release;
		};
/* End XCBuildConfiguration section */

/* Begin XCConfigurationList section */
		BE3989142D02956600522DD5 /* Build configuration list for PBXProject "SpotifyExampleProject" */ = {
			isa = XCConfigurationList;
			buildConfigurations = (
				BE3989482D02956A00522DD5 /* Debug */,
				BE3989492D02956A00522DD5 /* Release */,
			);
			defaultConfigurationIsVisible = 0;
			defaultConfigurationName = Release;
		};
		BE3989452D02956A00522DD5 /* Build configuration list for PBXNativeTarget "SpotifyExampleProject" */ = {
			isa = XCConfigurationList;
			buildConfigurations = (
				BE3989462D02956A00522DD5 /* Debug */,
				BE3989472D02956A00522DD5 /* Release */,
			);
			defaultConfigurationIsVisible = 0;
			defaultConfigurationName = Release;
		};
		BE39894A2D02956A00522DD5 /* Build configuration list for PBXNativeTarget "SpotifyExampleProjectTests" */ = {
			isa = XCConfigurationList;
			buildConfigurations = (
				BE39894B2D02956A00522DD5 /* Debug */,
				BE39894C2D02956A00522DD5 /* Release */,
			);
			defaultConfigurationIsVisible = 0;
			defaultConfigurationName = Release;
		};
		BE39894D2D02956A00522DD5 /* Build configuration list for PBXNativeTarget "SpotifyExampleProjectUITests" */ = {
			isa = XCConfigurationList;
			buildConfigurations = (
				BE39894E2D02956A00522DD5 /* Debug */,
				BE39894F2D02956A00522DD5 /* Release */,
			);
			defaultConfigurationIsVisible = 0;
			defaultConfigurationName = Release;
		};
/* End XCConfigurationList section */
	};
	rootObject = BE3989112D02956600522DD5 /* Project object */;
}
